
Microsoft Visual Studio Solution File, Format Version 12.00
# Visual Studio Version 16
VisualStudioVersion = 16.0.33027.164
MinimumVisualStudioVersion = 10.0.40219.1
Project("{FAE04EC0-301F-11D3-BF4B-00C04F79EFBC}") = "PriceCalculatorKata", "PriceCalculatorKata\PriceCalculatorKata.csproj", "{C0DCA1A6-5C35-4EA3-A7A4-48C6B7A136E8}"
EndProject
Global
	GlobalSection(SolutionConfigurationPlatforms) = preSolution
		Debug|Any CPU = Debug|Any CPU
		Release|Any CPU = Release|Any CPU
	EndGlobalSection
	GlobalSection(ProjectConfigurationPlatforms) = postSolution
		{C0DCA1A6-5C35-4EA3-A7A4-48C6B7A136E8}.Debug|Any CPU.ActiveCfg = Debug|Any CPU
		{C0DCA1A6-5C35-4EA3-A7A4-48C6B7A136E8}.Debug|Any CPU.Build.0 = Debug|Any CPU
		{C0DCA1A6-5C35-4EA3-A7A4-48C6B7A136E8}.Release|Any CPU.ActiveCfg = Release|Any CPU
		{C0DCA1A6-5C35-4EA3-A7A4-48C6B7A136E8}.Release|Any CPU.Build.0 = Release|Any CPU
	EndGlobalSection
	GlobalSection(SolutionProperties) = preSolution
		HideSolutionNode = FALSE
	EndGlobalSection
	GlobalSection(ExtensibilityGlobals) = postSolution
		SolutionGuid = {E715FB35-EEE7-477E-8D2A-F0BCFD66CD48}
	EndGlobalSection
EndGlobal
